Microsoft Visual Studio Solution File, Format Version 12.00
# Visual Studio Version 17
VisualStudioVersion = 17.5.2.0
MinimumVisualStudioVersion = 10.0.40219.1
Project("{FAE04EC0-301F-11D3-BF4B-00C04F79EFBC}") = "Case-02", "Case-02.csproj", "{0FC6F6A8-CF81-82BF-C32B-70336EB5B2B2}"
EndProject
Global
	GlobalSection(SolutionConfigurationPlatforms) = preSolution
		Debug|Any CPU = Debug|Any CPU
		Release|Any CPU = Release|Any CPU
	EndGlobalSection
	GlobalSection(ProjectConfigurationPlatforms) = postSolution
		{0FC6F6A8-CF81-82BF-C32B-70336EB5B2B2}.Debug|Any CPU.ActiveCfg = Debug|Any CPU
		{0FC6F6A8-CF81-82BF-C32B-70336EB5B2B2}.Debug|Any CPU.Build.0 = Debug|Any CPU
		{0FC6F6A8-CF81-82BF-C32B-70336EB5B2B2}.Release|Any CPU.ActiveCfg = Release|Any CPU
		{0FC6F6A8-CF81-82BF-C32B-70336EB5B2B2}.Release|Any CPU.Build.0 = Release|Any CPU
	EndGlobalSection
	GlobalSection(SolutionProperties) = preSolution
		HideSolutionNode = FALSE
	EndGlobalSection
	GlobalSection(ExtensibilityGlobals) = postSolution
		SolutionGuid = {F935CF16-24D5-455B-A5EC-6002EA687320}
	EndGlobalSection
EndGlobal
