Microsoft Visual Studio Solution File, Format Version 12.00
# Visual Studio Version 17
VisualStudioVersion = 17.5.2.0
MinimumVisualStudioVersion = 10.0.40219.1
Project("{FAE04EC0-301F-11D3-BF4B-00C04F79EFBC}") = "dia-01", "dia-01.csproj", "{2125BBAC-F73F-DE31-C108-B9CF494208AC}"
EndProject
Global
	GlobalSection(SolutionConfigurationPlatforms) = preSolution
		Debug|Any CPU = Debug|Any CPU
		Release|Any CPU = Release|Any CPU
	EndGlobalSection
	GlobalSection(ProjectConfigurationPlatforms) = postSolution
		{2125BBAC-F73F-DE31-C108-B9CF494208AC}.Debug|Any CPU.ActiveCfg = Debug|Any CPU
		{2125BBAC-F73F-DE31-C108-B9CF494208AC}.Debug|Any CPU.Build.0 = Debug|Any CPU
		{2125BBAC-F73F-DE31-C108-B9CF494208AC}.Release|Any CPU.ActiveCfg = Release|Any CPU
		{2125BBAC-F73F-DE31-C108-B9CF494208AC}.Release|Any CPU.Build.0 = Release|Any CPU
	EndGlobalSection
	GlobalSection(SolutionProperties) = preSolution
		HideSolutionNode = FALSE
	EndGlobalSection
	GlobalSection(ExtensibilityGlobals) = postSolution
		SolutionGuid = {8964B304-F77A-4567-B947-3DF03B62F37C}
	EndGlobalSection
EndGlobal
